
Microsoft Visual Studio Solution File, Format Version 12.00
Project("{FAE04EC0-301F-11D3-BF4B-00C04F79EFBC}") = "GateKeeper", "GateKeeper\GateKeeper.csproj", "{464204AE-6DBE-458E-AEA2-129C7438F701}"
EndProject
Project("{FAE04EC0-301F-11D3-BF4B-00C04F79EFBC}") = "AuthAPI", "AuthAPI\AuthAPI.csproj", "{0314BF2A-B1D3-41D7-9262-7613C8031CCF}"
EndProject
Global
	GlobalSection(SolutionConfigurationPlatforms) = preSolution
		Debug|Any CPU = Debug|Any CPU
		Release|Any CPU = Release|Any CPU
	EndGlobalSection
	GlobalSection(ProjectConfigurationPlatforms) = postSolution
		{464204AE-6DBE-458E-AEA2-129C7438F701}.Debug|Any CPU.ActiveCfg = Debug|Any CPU
		{464204AE-6DBE-458E-AEA2-129C7438F701}.Debug|Any CPU.Build.0 = Debug|Any CPU
		{464204AE-6DBE-458E-AEA2-129C7438F701}.Release|Any CPU.ActiveCfg = Release|Any CPU
		{464204AE-6DBE-458E-AEA2-129C7438F701}.Release|Any CPU.Build.0 = Release|Any CPU
		{0314BF2A-B1D3-41D7-9262-7613C8031CCF}.Debug|Any CPU.ActiveCfg = Debug|Any CPU
		{0314BF2A-B1D3-41D7-9262-7613C8031CCF}.Debug|Any CPU.Build.0 = Debug|Any CPU
		{0314BF2A-B1D3-41D7-9262-7613C8031CCF}.Release|Any CPU.ActiveCfg = Release|Any CPU
		{0314BF2A-B1D3-41D7-9262-7613C8031CCF}.Release|Any CPU.Build.0 = Release|Any CPU
	EndGlobalSection
EndGlobal
